
Microsoft Visual Studio Solution File, Format Version 12.00
# Visual Studio Version 16
VisualStudioVersion = 16.0.31424.327
MinimumVisualStudioVersion = 10.0.40219.1
Project("{FAE04EC0-301F-11D3-BF4B-00C04F79EFBC}") = "DisconnectedEnvironment", "DisconnectedEnvironment\DisconnectedEnvironment.csproj", "{E4AEBF4A-B8E4-4D8A-8F9A-04338A0936CD}"
EndProject
Global
	GlobalSection(SolutionConfigurationPlatforms) = preSolution
		Debug|Any CPU = Debug|Any CPU
		Release|Any CPU = Release|Any CPU
	EndGlobalSection
	GlobalSection(ProjectConfigurationPlatforms) = postSolution
		{E4AEBF4A-B8E4-4D8A-8F9A-04338A0936CD}.Debug|Any CPU.ActiveCfg = Debug|Any CPU
		{E4AEBF4A-B8E4-4D8A-8F9A-04338A0936CD}.Debug|Any CPU.Build.0 = Debug|Any CPU
		{E4AEBF4A-B8E4-4D8A-8F9A-04338A0936CD}.Release|Any CPU.ActiveCfg = Release|Any CPU
		{E4AEBF4A-B8E4-4D8A-8F9A-04338A0936CD}.Release|Any CPU.Build.0 = Release|Any CPU
	EndGlobalSection
	GlobalSection(SolutionProperties) = preSolution
		HideSolutionNode = FALSE
	EndGlobalSection
	GlobalSection(ExtensibilityGlobals) = postSolution
		SolutionGuid = {C6327C7B-EAF4-41B9-BC51-871A45B0651A}
	EndGlobalSection
EndGlobal
